// !$*UTF8*$!
{
	archiveVersion = 1;
	classes = {
	};
	objectVersion = 55;
	objects = {

/* Begin PBXBuildFile section */
		F8E312F62820286B0024C494 /* AppDelegate.swift in Sources */ = {isa = PBXBuildFile; fileRef = F8E312F52820286B0024C494 /* AppDelegate.swift */; };
		F8E312F82820286B0024C494 /* SceneDelegate.swift in Sources */ = {isa = PBXBuildFile; fileRef = F8E312F72820286B0024C494 /* SceneDelegate.swift */; };
		F8E312FA2820286B0024C494 /* ViewController.swift in Sources */ = {isa = PBXBuildFile; fileRef = F8E312F92820286B0024C494 /* ViewController.swift */; };
		F8E312FD2820286B0024C494 /* Main.storyboard in Resources */ = {isa = PBXBuildFile; fileRef = F8E312FB2820286B0024C494 /* Main.storyboard */; };
		F8E312FF2820286D0024C494 /* Assets.xcassets in Resources */ = {isa = PBXBuildFile; fileRef = F8E312FE2820286D0024C494 /* Assets.xcassets */; };
		F8E313022820286D0024C494 /* LaunchScreen.storyboard in Resources */ = {isa = PBXBuildFile; fileRef = F8E313002820286D0024C494 /* LaunchScreen.storyboard */; };
		F8E3130D2820286D0024C494 /* Unit_Testing_SwiftTests.swift in Sources */ = {isa = PBXBuildFile; fileRef = F8E3130C2820286D0024C494 /* Unit_Testing_SwiftTests.swift */; };
		F8E313172820286D0024C494 /* Unit_Testing_SwiftUITests.swift in Sources */ = {isa = PBXBuildFile; fileRef = F8E313162820286D0024C494 /* Unit_Testing_SwiftUITests.swift */; };
		F8E313192820286D0024C494 /* Unit_Testing_SwiftUITestsLaunchTests.swift in Sources */ = {isa = PBXBuildFile; fileRef = F8E313182820286D0024C494 /* Unit_Testing_SwiftUITestsLaunchTests.swift */; };
		F8E313262820297F0024C494 /* MathStuff.swift in Sources */ = {isa = PBXBuildFile; fileRef = F8E313252820297F0024C494 /* MathStuff.swift */; };
/* End PBXBuildFile section */

/* Begin PBXContainerItemProxy section */
		F8E313092820286D0024C494 /* PBXContainerItemProxy */ = {
			isa = PBXContainerItemProxy;
			containerPortal = F8E312EA2820286B0024C494 /* Project object */;
			proxyType = 1;
			remoteGlobalIDString = F8E312F12820286B0024C494;
			remoteInfo = "Unit-Testing-Swift";
		};
		F8E313132820286D0024C494 /* PBXContainerItemProxy */ = {
			isa = PBXContainerItemProxy;
			containerPortal = F8E312EA2820286B0024C494 /* Project object */;
			proxyType = 1;
			remoteGlobalIDString = F8E312F12820286B0024C494;
			remoteInfo = "Unit-Testing-Swift";
		};
/* End PBXContainerItemProxy section */

/* Begin PBXFileReference section */
		F8E312F22820286B0024C494 /* Unit-Testing-Swift.app */ = {isa = PBXFileReference; explicitFileType = wrapper.application; includeInIndex = 0; path = "Unit-Testing-Swift.app"; sourceTree = BUILT_PRODUCTS_DIR; };
		F8E312F52820286B0024C494 /* AppDelegate.swift */ = {isa = PBXFileReference; lastKnownFileType = sourcecode.swift; path = AppDelegate.swift; sourceTree = "<group>"; };
		F8E312F72820286B0024C494 /* SceneDelegate.swift */ = {isa = PBXFileReference; lastKnownFileType = sourcecode.swift; path = SceneDelegate.swift; sourceTree = "<group>"; };
		F8E312F92820286B0024C494 /* ViewController.swift */ = {isa = PBXFileReference; lastKnownFileType = sourcecode.swift; path = ViewController.swift; sourceTree = "<group>"; };
		F8E312FC2820286B0024C494 /* Base */ = {isa = PBXFileReference; lastKnownFileType = file.storyboard; name = Base; path = Base.lproj/Main.storyboard; sourceTree = "<group>"; };
		F8E312FE2820286D0024C494 /* Assets.xcassets */ = {isa = PBXFileReference; lastKnownFileType = folder.assetcatalog; path = Assets.xcassets; sourceTree = "<group>"; };
		F8E313012820286D0024C494 /* Base */ = {isa = PBXFileReference; lastKnownFileType = file.storyboard; name = Base; path = Base.lproj/LaunchScreen.storyboard; sourceTree = "<group>"; };
		F8E313032820286D0024C494 /* Info.plist */ = {isa = PBXFileReference; lastKnownFileType = text.plist.xml; path = Info.plist; sourceTree = "<group>"; };
		F8E313082820286D0024C494 /* Unit-Testing-SwiftTests.xctest */ = {isa = PBXFileReference; explicitFileType = wrapper.cfbundle; includeInIndex = 0; path = "Unit-Testing-SwiftTests.xctest"; sourceTree = BUILT_PRODUCTS_DIR; };
		F8E3130C2820286D0024C494 /* Unit_Testing_SwiftTests.swift */ = {isa = PBXFileReference; lastKnownFileType = sourcecode.swift; path = Unit_Testing_SwiftTests.swift; sourceTree = "<group>"; };
		F8E313122820286D0024C494 /* Unit-Testing-SwiftUITests.xctest */ = {isa = PBXFileReference; explicitFileType = wrapper.cfbundle; includeInIndex = 0; path = "Unit-Testing-SwiftUITests.xctest"; sourceTree = BUILT_PRODUCTS_DIR; };
		F8E313162820286D0024C494 /* Unit_Testing_SwiftUITests.swift */ = {isa = PBXFileReference; lastKnownFileType = sourcecode.swift; path = Unit_Testing_SwiftUITests.swift; sourceTree = "<group>"; };
		F8E313182820286D0024C494 /* Unit_Testing_SwiftUITestsLaunchTests.swift */ = {isa = PBXFileReference; lastKnownFileType = sourcecode.swift; path = Unit_Testing_SwiftUITestsLaunchTests.swift; sourceTree = "<group>"; };
		F8E313252820297F0024C494 /* MathStuff.swift */ = {isa = PBXFileReference; lastKnownFileType = sourcecode.swift; path = MathStuff.swift; sourceTree = "<group>"; };
/* End PBXFileReference section */

/* Begin PBXFrameworksBuildPhase section */
		F8E312EF2820286B0024C494 /* Frameworks */ = {
			isa = PBXFrameworksBuildPhase;
			buildActionMask = 2147483647;
			files = (
			);
			runOnlyForDeploymentPostprocessing = 0;
		};
		F8E313052820286D0024C494 /* Frameworks */ = {
			isa = PBXFrameworksBuildPhase;
			buildActionMask = 2147483647;
			files = (
			);
			runOnlyForDeploymentPostprocessing = 0;
		};
		F8E3130F2820286D0024C494 /* Frameworks */ = {
			isa = PBXFrameworksBuildPhase;
			buildActionMask = 2147483647;
			files = (
			);
			runOnlyForDeploymentPostprocessing = 0;
		};
/* End PBXFrameworksBuildPhase section */

/* Begin PBXGroup section */
		F8E312E92820286B0024C494 = {
			isa = PBXGroup;
			children = (
				F8E312F42820286B0024C494 /* Unit-Testing-Swift */,
				F8E3130B2820286D0024C494 /* Unit-Testing-SwiftTests */,
				F8E313152820286D0024C494 /* Unit-Testing-SwiftUITests */,
				F8E312F32820286B0024C494 /* Products */,
			);
			sourceTree = "<group>";
		};
		F8E312F32820286B0024C494 /* Products */ = {
			isa = PBXGroup;
			children = (
				F8E312F22820286B0024C494 /* Unit-Testing-Swift.app */,
				F8E313082820286D0024C494 /* Unit-Testing-SwiftTests.xctest */,
				F8E313122820286D0024C494 /* Unit-Testing-SwiftUITests.xctest */,
			);
			name = Products;
			sourceTree = "<group>";
		};
		F8E312F42820286B0024C494 /* Unit-Testing-Swift */ = {
			isa = PBXGroup;
			children = (
				F8E312F52820286B0024C494 /* AppDelegate.swift */,
				F8E312F72820286B0024C494 /* SceneDelegate.swift */,
				F8E312F92820286B0024C494 /* ViewController.swift */,
				F8E313252820297F0024C494 /* MathStuff.swift */,
				F8E312FB2820286B0024C494 /* Main.storyboard */,
				F8E312FE2820286D0024C494 /* Assets.xcassets */,
				F8E313002820286D0024C494 /* LaunchScreen.storyboard */,
				F8E313032820286D0024C494 /* Info.plist */,
			);
			path = "Unit-Testing-Swift";
			sourceTree = "<group>";
		};
		F8E3130B2820286D0024C494 /* Unit-Testing-SwiftTests */ = {
			isa = PBXGroup;
			children = (
				F8E3130C2820286D0024C494 /* Unit_Testing_SwiftTests.swift */,
			);
			path = "Unit-Testing-SwiftTests";
			sourceTree = "<group>";
		};
		F8E313152820286D0024C494 /* Unit-Testing-SwiftUITests */ = {
			isa = PBXGroup;
			children = (
				F8E313162820286D0024C494 /* Unit_Testing_SwiftUITests.swift */,
				F8E313182820286D0024C494 /* Unit_Testing_SwiftUITestsLaunchTests.swift */,
			);
			path = "Unit-Testing-SwiftUITests";
			sourceTree = "<group>";
		};
/* End PBXGroup section */

/* Begin PBXNativeTarget section */
		F8E312F12820286B0024C494 /* Unit-Testing-Swift */ = {
			isa = PBXNativeTarget;
			buildConfigurationList = F8E3131C2820286D0024C494 /* Build configuration list for PBXNativeTarget "Unit-Testing-Swift" */;
			buildPhases = (
				F8E312EE2820286B0024C494 /* Sources */,
				F8E312EF2820286B0024C494 /* Frameworks */,
				F8E312F02820286B0024C494 /* Resources */,
			);
			buildRules = (
			);
			dependencies = (
			);
			name = "Unit-Testing-Swift";
			productName = "Unit-Testing-Swift";
			productReference = F8E312F22820286B0024C494 /* Unit-Testing-Swift.app */;
			productType = "com.apple.product-type.application";
		};
		F8E313072820286D0024C494 /* Unit-Testing-SwiftTests */ = {
			isa = PBXNativeTarget;
			buildConfigurationList = F8E3131F2820286D0024C494 /* Build configuration list for PBXNativeTarget "Unit-Testing-SwiftTests" */;
			buildPhases = (
				F8E313042820286D0024C494 /* Sources */,
				F8E313052820286D0024C494 /* Frameworks */,
				F8E313062820286D0024C494 /* Resources */,
			);
			buildRules = (
			);
			dependencies = (
				F8E3130A2820286D0024C494 /* PBXTargetDependency */,
			);
			name = "Unit-Testing-SwiftTests";
			productName = "Unit-Testing-SwiftTests";
			productReference = F8E313082820286D0024C494 /* Unit-Testing-SwiftTests.xctest */;
			productType = "com.apple.product-type.bundle.unit-test";
		};
		F8E313112820286D0024C494 /* Unit-Testing-SwiftUITests */ = {
			isa = PBXNativeTarget;
			buildConfigurationList = F8E313222820286D0024C494 /* Build configuration list for PBXNativeTarget "Unit-Testing-SwiftUITests" */;
			buildPhases = (
				F8E3130E2820286D0024C494 /* Sources */,
				F8E3130F2820286D0024C494 /* Frameworks */,
				F8E313102820286D0024C494 /* Resources */,
			);
			buildRules = (
			);
			dependencies = (
				F8E313142820286D0024C494 /* PBXTargetDependency */,
			);
			name = "Unit-Testing-SwiftUITests";
			productName = "Unit-Testing-SwiftUITests";
			productReference = F8E313122820286D0024C494 /* Unit-Testing-SwiftUITests.xctest */;
			productType = "com.apple.product-type.bundle.ui-testing";
		};
/* End PBXNativeTarget section */

/* Begin PBXProject section */
		F8E312EA2820286B0024C494 /* Project object */ = {
			isa = PBXProject;
			attributes = {
				BuildIndependentTargetsInParallel = 1;
				LastSwiftUpdateCheck = 1320;
				LastUpgradeCheck = 1320;
				TargetAttributes = {
					F8E312F12820286B0024C494 = {
						CreatedOnToolsVersion = 13.2.1;
					};
					F8E313072820286D0024C494 = {
						CreatedOnToolsVersion = 13.2.1;
						TestTargetID = F8E312F12820286B0024C494;
					};
					F8E313112820286D0024C494 = {
						CreatedOnToolsVersion = 13.2.1;
						TestTargetID = F8E312F12820286B0024C494;
					};
				};
			};
			buildConfigurationList = F8E312ED2820286B0024C494 /* Build configuration list for PBXProject "Unit-Testing-Swift" */;
			compatibilityVersion = "Xcode 13.0";
			developmentRegion = en;
			hasScannedForEncodings = 0;
			knownRegions = (
				en,
				Base,
			);
			mainGroup = F8E312E92820286B0024C494;
			productRefGroup = F8E312F32820286B0024C494 /* Products */;
			projectDirPath = "";
			projectRoot = "";
			targets = (
				F8E312F12820286B0024C494 /* Unit-Testing-Swift */,
				F8E313072820286D0024C494 /* Unit-Testing-SwiftTests */,
				F8E313112820286D0024C494 /* Unit-Testing-SwiftUITests */,
			);
		};
/* End PBXProject section */

/* Begin PBXResourcesBuildPhase section */
		F8E312F02820286B0024C494 /* Resources */ = {
			isa = PBXResourcesBuildPhase;
			buildActionMask = 2147483647;
			files = (
				F8E313022820286D0024C494 /* LaunchScreen.storyboard in Resources */,
				F8E312FF2820286D0024C494 /* Assets.xcassets in Resources */,
				F8E312FD2820286B0024C494 /* Main.storyboard in Resources */,
			);
			runOnlyForDeploymentPostprocessing = 0;
		};
		F8E313062820286D0024C494 /* Resources */ = {
			isa = PBXResourcesBuildPhase;
			buildActionMask = 2147483647;
			files = (
			);
			runOnlyForDeploymentPostprocessing = 0;
		};
		F8E313102820286D0024C494 /* Resources */ = {
			isa = PBXResourcesBuildPhase;
			buildActionMask = 2147483647;
			files = (
			);
			runOnlyForDeploymentPostprocessing = 0;
		};
/* End PBXResourcesBuildPhase section */

/* Begin PBXSourcesBuildPhase section */
		F8E312EE2820286B0024C494 /* Sources */ = {
			isa = PBXSourcesBuildPhase;
			buildActionMask = 2147483647;
			files = (
				F8E313262820297F0024C494 /* MathStuff.swift in Sources */,
				F8E312FA2820286B0024C494 /* ViewController.swift in Sources */,
				F8E312F62820286B0024C494 /* AppDelegate.swift in Sources */,
				F8E312F82820286B0024C494 /* SceneDelegate.swift in Sources */,
			);
			runOnlyForDeploymentPostprocessing = 0;
		};
		F8E313042820286D0024C494 /* Sources */ = {
			isa = PBXSourcesBuildPhase;
			buildActionMask = 2147483647;
			files = (
				F8E3130D2820286D0024C494 /* Unit_Testing_SwiftTests.swift in Sources */,
			);
			runOnlyForDeploymentPostprocessing = 0;
		};
		F8E3130E2820286D0024C494 /* Sources */ = {
			isa = PBXSourcesBuildPhase;
			buildActionMask = 2147483647;
			files = (
				F8E313172820286D0024C494 /* Unit_Testing_SwiftUITests.swift in Sources */,
				F8E313192820286D0024C494 /* Unit_Testing_SwiftUITestsLaunchTests.swift in Sources */,
			);
			runOnlyForDeploymentPostprocessing = 0;
		};
/* End PBXSourcesBuildPhase section */

/* Begin PBXTargetDependency section */
		F8E3130A2820286D0024C494 /* PBXTargetDependency */ = {
			isa = PBXTargetDependency;
			target = F8E312F12820286B0024C494 /* Unit-Testing-Swift */;
			targetProxy = F8E313092820286D0024C494 /* PBXContainerItemProxy */;
		};
		F8E313142820286D0024C494 /* PBXTargetDependency */ = {
			isa = PBXTargetDependency;
			target = F8E312F12820286B0024C494 /* Unit-Testing-Swift */;
			targetProxy = F8E313132820286D0024C494 /* PBXContainerItemProxy */;
		};
/* End PBXTargetDependency section */

/* Begin PBXVariantGroup section */
		F8E312FB2820286B0024C494 /* Main.storyboard */ = {
			isa = PBXVariantGroup;
			children = (
				F8E312FC2820286B0024C494 /* Base */,
			);
			name = Main.storyboard;
			sourceTree = "<group>";
		};
		F8E313002820286D0024C494 /* LaunchScreen.storyboard */ = {
			isa = PBXVariantGroup;
			children = (
				F8E313012820286D0024C494 /* Base */,
			);
			name = LaunchScreen.storyboard;
			sourceTree = "<group>";
		};
/* End PBXVariantGroup section */

/* Begin XCBuildConfiguration section */
		F8E3131A2820286D0024C494 /* Debug */ = {
			isa = XCBuildConfiguration;
			buildSettings = {
				ALWAYS_SEARCH_USER_PATHS = NO;
				CLANG_ANALYZER_NONNULL = YES;
				CLANG_ANALYZER_NUMBER_OBJECT_CONVERSION = YES_AGGRESSIVE;
				CLANG_CXX_LANGUAGE_STANDARD = "gnu++17";
				CLANG_CXX_LIBRARY = "libc++";
				CLANG_ENABLE_MODULES = YES;
				CLANG_ENABLE_OBJC_ARC = YES;
				CLANG_ENABLE_OBJC_WEAK = YES;
				CLANG_WARN_BLOCK_CAPTURE_AUTORELEASING = YES;
				CLANG_WARN_BOOL_CONVERSION = YES;
				CLANG_WARN_COMMA = YES;
				CLANG_WARN_CONSTANT_CONVERSION = YES;
				CLANG_WARN_DEPRECATED_OBJC_IMPLEMENTATIONS = YES;
				CLANG_WARN_DIRECT_OBJC_ISA_USAGE = YES_ERROR;
				CLANG_WARN_DOCUMENTATION_COMMENTS = YES;
				CLANG_WARN_EMPTY_BODY = YES;
				CLANG_WARN_ENUM_CONVERSION = YES;
				CLANG_WARN_INFINITE_RECURSION = YES;
				CLANG_WARN_INT_CONVERSION = YES;
				CLANG_WARN_NON_LITERAL_NULL_CONVERSION = YES;
				CLANG_WARN_OBJC_IMPLICIT_RETAIN_SELF = YES;
				CLANG_WARN_OBJC_LITERAL_CONVERSION = YES;
				CLANG_WARN_OBJC_ROOT_CLASS = YES_ERROR;
				CLANG_WARN_QUOTED_INCLUDE_IN_FRAMEWORK_HEADER = YES;
				CLANG_WARN_RANGE_LOOP_ANALYSIS = YES;
				CLANG_WARN_STRICT_PROTOTYPES = YES;
				CLANG_WARN_SUSPICIOUS_MOVE = YES;
				CLANG_WARN_UNGUARDED_AVAILABILITY = YES_AGGRESSIVE;
				CLANG_WARN_UNREACHABLE_CODE = YES;
				CLANG_WARN__DUPLICATE_METHOD_MATCH = YES;
				COPY_PHASE_STRIP = NO;
				DEBUG_INFORMATION_FORMAT = dwarf;
				ENABLE_STRICT_OBJC_MSGSEND = YES;
				ENABLE_TESTABILITY = YES;
				GCC_C_LANGUAGE_STANDARD = gnu11;
				GCC_DYNAMIC_NO_PIC = NO;
				GCC_NO_COMMON_BLOCKS = YES;
				GCC_OPTIMIZATION_LEVEL = 0;
				GCC_PREPROCESSOR_DEFINITIONS = (
					"DEBUG=1",
					"$(inherited)",
				);
				GCC_WARN_64_TO_32_BIT_CONVERSION = YES;
				GCC_WARN_ABOUT_RETURN_TYPE = YES_ERROR;
				GCC_WARN_UNDECLARED_SELECTOR = YES;
				GCC_WARN_UNINITIALIZED_AUTOS = YES_AGGRESSIVE;
				GCC_WARN_UNUSED_FUNCTION = YES;
				GCC_WARN_UNUSED_VARIABLE = YES;
				IPHONEOS_DEPLOYMENT_TARGET = 15.2;
				MTL_ENABLE_DEBUG_INFO = INCLUDE_SOURCE;
				MTL_FAST_MATH = YES;
				ONLY_ACTIVE_ARCH = YES;
				SDKROOT = iphoneos;
				SWIFT_ACTIVE_COMPILATION_CONDITIONS = DEBUG;
				SWIFT_OPTIMIZATION_LEVEL = "-Onone";
			};
			name = Debug;
		};
		F8E3131B2820286D0024C494 /* Release */ = {
			isa = XCBuildConfiguration;
			buildSettings = {
				ALWAYS_SEARCH_USER_PATHS = NO;
				CLANG_ANALYZER_NONNULL = YES;
				CLANG_ANALYZER_NUMBER_OBJECT_CONVERSION = YES_AGGRESSIVE;
				CLANG_CXX_LANGUAGE_STANDARD = "gnu++17";
				CLANG_CXX_LIBRARY = "libc++";
				CLANG_ENABLE_MODULES = YES;
				CLANG_ENABLE_OBJC_ARC = YES;
				CLANG_ENABLE_OBJC_WEAK = YES;
				CLANG_WARN_BLOCK_CAPTURE_AUTORELEASING = YES;
				CLANG_WARN_BOOL_CONVERSION = YES;
				CLANG_WARN_COMMA = YES;
				CLANG_WARN_CONSTANT_CONVERSION = YES;
				CLANG_WARN_DEPRECATED_OBJC_IMPLEMENTATIONS = YES;
				CLANG_WARN_DIRECT_OBJC_ISA_USAGE = YES_ERROR;
				CLANG_WARN_DOCUMENTATION_COMMENTS = YES;
				CLANG_WARN_EMPTY_BODY = YES;
				CLANG_WARN_ENUM_CONVERSION = YES;
				CLANG_WARN_INFINITE_RECURSION = YES;
				CLANG_WARN_INT_CONVERSION = YES;
				CLANG_WARN_NON_LITERAL_NULL_CONVERSION = YES;
				CLANG_WARN_OBJC_IMPLICIT_RETAIN_SELF = YES;
				CLANG_WARN_OBJC_LITERAL_CONVERSION = YES;
				CLANG_WARN_OBJC_ROOT_CLASS = YES_ERROR;
				CLANG_WARN_QUOTED_INCLUDE_IN_FRAMEWORK_HEADER = YES;
				CLANG_WARN_RANGE_LOOP_ANALYSIS = YES;
				CLANG_WARN_STRICT_PROTOTYPES = YES;
				CLANG_WARN_SUSPICIOUS_MOVE = YES;
				CLANG_WARN_UNGUARDED_AVAILABILITY = YES_AGGRESSIVE;
				CLANG_WARN_UNREACHABLE_CODE = YES;
				CLANG_WARN__DUPLICATE_METHOD_MATCH = YES;
				COPY_PHASE_STRIP = NO;
				DEBUG_INFORMATION_FORMAT = "dwarf-with-dsym";
				ENABLE_NS_ASSERTIONS = NO;
				ENABLE_STRICT_OBJC_MSGSEND = YES;
				GCC_C_LANGUAGE_STANDARD = gnu11;
				GCC_NO_COMMON_BLOCKS = YES;
				GCC_WARN_64_TO_32_BIT_CONVERSION = YES;
				GCC_WARN_ABOUT_RETURN_TYPE = YES_ERROR;
				GCC_WARN_UNDECLARED_SELECTOR = YES;
				GCC_WARN_UNINITIALIZED_AUTOS = YES_AGGRESSIVE;
				GCC_WARN_UNUSED_FUNCTION = YES;
				GCC_WARN_UNUSED_VARIABLE = YES;
				IPHONEOS_DEPLOYMENT_TARGET = 15.2;
				MTL_ENABLE_DEBUG_INFO = NO;
				MTL_FAST_MATH = YES;
				SDKROOT = iphoneos;
				SWIFT_COMPILATION_MODE = wholemodule;
				SWIFT_OPTIMIZATION_LEVEL = "-O";
				VALIDATE_PRODUCT = YES;
			};
			name = Release;
		};
		F8E3131D2820286D0024C494 /* Debug */ = {
			isa = XCBuildConfiguration;
			buildSettings = {
				ASSETCATALOG_COMPILER_APPICON_NAME = AppIcon;
				ASSETCATALOG_COMPILER_GLOBAL_ACCENT_COLOR_NAME = AccentColor;
				CODE_SIGN_STYLE = Automatic;
				CURRENT_PROJECT_VERSION = 1;
				DEVELOPMENT_TEAM = UUW7T38LGA;
				GENERATE_INFOPLIST_FILE = YES;
				INFOPLIST_FILE = "Unit-Testing-Swift/Info.plist";
				INFOPLIST_KEY_UIApplicationSupportsIndirectInputEvents = YES;
				INFOPLIST_KEY_UILaunchStoryboardName = LaunchScreen;
				INFOPLIST_KEY_UIMainStoryboardFile = Main;
				INFOPLIST_KEY_UISupportedInterfaceOrientations_iPad = "UIInterfaceOrientationPortrait UIInterfaceOrientationPortraitUpsideDown UIInterfaceOrientationLandscapeLeft UIInterfaceOrientationLandscapeRight";
				INFOPLIST_KEY_UISupportedInterfaceOrientations_iPhone = "UIInterfaceOrientationPortrait UIInterfaceOrientationLandscapeLeft UIInterfaceOrientationLandscapeRight";
				LD_RUNPATH_SEARCH_PATHS = (
					"$(inherited)",
					"@executable_path/Frameworks",
				);
				MARKETING_VERSION = 1.0;
				PRODUCT_BUNDLE_IDENTIFIER = "Emulador-iPhone.Unit-Testing-Swift";
				PRODUCT_NAME = "$(TARGET_NAME)";
				SWIFT_EMIT_LOC_STRINGS = YES;
				SWIFT_VERSION = 5.0;
				TARGETED_DEVICE_FAMILY = "1,2";
			};
			name = Debug;
		};
		F8E3131E2820286D0024C494 /* Release */ = {
			isa = XCBuildConfiguration;
			buildSettings = {
				ASSETCATALOG_COMPILER_APPICON_NAME = AppIcon;
				ASSETCATALOG_COMPILER_GLOBAL_ACCENT_COLOR_NAME = AccentColor;
				CODE_SIGN_STYLE = Automatic;
				CURRENT_PROJECT_VERSION = 1;
				DEVELOPMENT_TEAM = UUW7T38LGA;
				GENERATE_INFOPLIST_FILE = YES;
				INFOPLIST_FILE = "Unit-Testing-Swift/Info.plist";
				INFOPLIST_KEY_UIApplicationSupportsIndirectInputEvents = YES;
				INFOPLIST_KEY_UILaunchStoryboardName = LaunchScreen;
				INFOPLIST_KEY_UIMainStoryboardFile = Main;
				INFOPLIST_KEY_UISupportedInterfaceOrientations_iPad = "UIInterfaceOrientationPortrait UIInterfaceOrientationPortraitUpsideDown UIInterfaceOrientationLandscapeLeft UIInterfaceOrientationLandscapeRight";
				INFOPLIST_KEY_UISupportedInterfaceOrientations_iPhone = "UIInterfaceOrientationPortrait UIInterfaceOrientationLandscapeLeft UIInterfaceOrientationLandscapeRight";
				LD_RUNPATH_SEARCH_PATHS = (
					"$(inherited)",
					"@executable_path/Frameworks",
				);
				MARKETING_VERSION = 1.0;
				PRODUCT_BUNDLE_IDENTIFIER = "Emulador-iPhone.Unit-Testing-Swift";
				PRODUCT_NAME = "$(TARGET_NAME)";
				SWIFT_EMIT_LOC_STRINGS = YES;
				SWIFT_VERSION = 5.0;
				TARGETED_DEVICE_FAMILY = "1,2";
			};
			name = Release;
		};
		F8E313202820286D0024C494 /* Debug */ = {
			isa = XCBuildConfiguration;
			buildSettings = {
				ALWAYS_EMBED_SWIFT_STANDARD_LIBRARIES = YES;
				BUNDLE_LOADER = "$(TEST_HOST)";
				CODE_SIGN_STYLE = Automatic;
				CURRENT_PROJECT_VERSION = 1;
				DEVELOPMENT_TEAM = UUW7T38LGA;
				GENERATE_INFOPLIST_FILE = YES;
				IPHONEOS_DEPLOYMENT_TARGET = 15.2;
				MARKETING_VERSION = 1.0;
				PRODUCT_BUNDLE_IDENTIFIER = "Emulador-iPhone.Unit-Testing-SwiftTests";
				PRODUCT_NAME = "$(TARGET_NAME)";
				SWIFT_EMIT_LOC_STRINGS = NO;
				SWIFT_VERSION = 5.0;
				TARGETED_DEVICE_FAMILY = "1,2";
				TEST_HOST = "$(BUILT_PRODUCTS_DIR)/Unit-Testing-Swift.app/Unit-Testing-Swift";
			};
			name = Debug;
		};
		F8E313212820286D0024C494 /* Release */ = {
			isa = XCBuildConfiguration;
			buildSettings = {
				ALWAYS_EMBED_SWIFT_STANDARD_LIBRARIES = YES;
				BUNDLE_LOADER = "$(TEST_HOST)";
				CODE_SIGN_STYLE = Automatic;
				CURRENT_PROJECT_VERSION = 1;
				DEVELOPMENT_TEAM = UUW7T38LGA;
				GENERATE_INFOPLIST_FILE = YES;
				IPHONEOS_DEPLOYMENT_TARGET = 15.2;
				MARKETING_VERSION = 1.0;
				PRODUCT_BUNDLE_IDENTIFIER = "Emulador-iPhone.Unit-Testing-SwiftTests";
				PRODUCT_NAME = "$(TARGET_NAME)";
				SWIFT_EMIT_LOC_STRINGS = NO;
				SWIFT_VERSION = 5.0;
				TARGETED_DEVICE_FAMILY = "1,2";
				TEST_HOST = "$(BUILT_PRODUCTS_DIR)/Unit-Testing-Swift.app/Unit-Testing-Swift";
			};
			name = Release;
		};
		F8E313232820286D0024C494 /* Debug */ = {
			isa = XCBuildConfiguration;
			buildSettings = {
				ALWAYS_EMBED_SWIFT_STANDARD_LIBRARIES = YES;
				CODE_SIGN_STYLE = Automatic;
				CURRENT_PROJECT_VERSION = 1;
				DEVELOPMENT_TEAM = UUW7T38LGA;
				GENERATE_INFOPLIST_FILE = YES;
				MARKETING_VERSION = 1.0;
				PRODUCT_BUNDLE_IDENTIFIER = "Emulador-iPhone.Unit-Testing-SwiftUITests";
				PRODUCT_NAME = "$(TARGET_NAME)";
				SWIFT_EMIT_LOC_STRINGS = NO;
				SWIFT_VERSION = 5.0;
				TARGETED_DEVICE_FAMILY = "1,2";
				TEST_TARGET_NAME = "Unit-Testing-Swift";
			};
			name = Debug;
		};
		F8E313242820286D0024C494 /* Release */ = {
			isa = XCBuildConfiguration;
			buildSettings = {
				ALWAYS_EMBED_SWIFT_STANDARD_LIBRARIES = YES;
				CODE_SIGN_STYLE = Automatic;
				CURRENT_PROJECT_VERSION = 1;
				DEVELOPMENT_TEAM = UUW7T38LGA;
				GENERATE_INFOPLIST_FILE = YES;
				MARKETING_VERSION = 1.0;
				PRODUCT_BUNDLE_IDENTIFIER = "Emulador-iPhone.Unit-Testing-SwiftUITests";
				PRODUCT_NAME = "$(TARGET_NAME)";
				SWIFT_EMIT_LOC_STRINGS = NO;
				SWIFT_VERSION = 5.0;
				TARGETED_DEVICE_FAMILY = "1,2";
				TEST_TARGET_NAME = "Unit-Testing-Swift";
			};
			name = Release;
		};
/* End XCBuildConfiguration section */

/* Begin XCConfigurationList section */
		F8E312ED2820286B0024C494 /* Build configuration list for PBXProject "Unit-Testing-Swift" */ = {
			isa = XCConfigurationList;
			buildConfigurations = (
				F8E3131A2820286D0024C494 /* Debug */,
				F8E3131B2820286D0024C494 /* Release */,
			);
			defaultConfigurationIsVisible = 0;
			defaultConfigurationName = Release;
		};
		F8E3131C2820286D0024C494 /* Build configuration list for PBXNativeTarget "Unit-Testing-Swift" */ = {
			isa = XCConfigurationList;
			buildConfigurations = (
				F8E3131D2820286D0024C494 /* Debug */,
				F8E3131E2820286D0024C494 /* Release */,
			);
			defaultConfigurationIsVisible = 0;
			defaultConfigurationName = Release;
		};
		F8E3131F2820286D0024C494 /* Build configuration list for PBXNativeTarget "Unit-Testing-SwiftTests" */ = {
			isa = XCConfigurationList;
			buildConfigurations = (
				F8E313202820286D0024C494 /* Debug */,
				F8E313212820286D0024C494 /* Release */,
			);
			defaultConfigurationIsVisible = 0;
			defaultConfigurationName = Release;
		};
		F8E313222820286D0024C494 /* Build configuration list for PBXNativeTarget "Unit-Testing-SwiftUITests" */ = {
			isa = XCConfigurationList;
			buildConfigurations = (
				F8E313232820286D0024C494 /* Debug */,
				F8E313242820286D0024C494 /* Release */,
			);
			defaultConfigurationIsVisible = 0;
			defaultConfigurationName = Release;
		};
/* End XCConfigurationList section */
	};
	rootObject = F8E312EA2820286B0024C494 /* Project object */;
}
